
Microsoft Visual Studio Solution File, Format Version 12.00
# Visual Studio 15
VisualStudioVersion = 15.0.28307.1000
MinimumVisualStudioVersion = 10.0.40219.1
Project("{FAE04EC0-301F-11D3-BF4B-00C04F79EFBC}") = "BootstrapHW", "BootstrapHW\BootstrapHW.csproj", "{23519EE0-D15B-4497-BDF2-C1F13639770D}"
EndProject
Global
	GlobalSection(SolutionConfigurationPlatforms) = preSolution
		Debug|Any CPU = Debug|Any CPU
		Release|Any CPU = Release|Any CPU
	EndGlobalSection
	GlobalSection(ProjectConfigurationPlatforms) = postSolution
		{23519EE0-D15B-4497-BDF2-C1F13639770D}.Debug|Any CPU.ActiveCfg = Debug|Any CPU
		{23519EE0-D15B-4497-BDF2-C1F13639770D}.Debug|Any CPU.Build.0 = Debug|Any CPU
		{23519EE0-D15B-4497-BDF2-C1F13639770D}.Release|Any CPU.ActiveCfg = Release|Any CPU
		{23519EE0-D15B-4497-BDF2-C1F13639770D}.Release|Any CPU.Build.0 = Release|Any CPU
	EndGlobalSection
	GlobalSection(SolutionProperties) = preSolution
		HideSolutionNode = FALSE
	EndGlobalSection
	GlobalSection(ExtensibilityGlobals) = postSolution
		SolutionGuid = {D9EDFA14-601F-4E27-B6FC-2BAE8F672E93}
	EndGlobalSection
EndGlobal
